
Microsoft Visual Studio Solution File, Format Version 12.00
# Visual Studio Version 17
VisualStudioVersion = 17.14.36203.30
MinimumVisualStudioVersion = 10.0.40219.1
Project("{FAE04EC0-301F-11D3-BF4B-00C04F79EFBC}") = "Masky", "Masky\Masky.csproj", "{1D1E983F-2A17-4C8C-90A3-1460CC049855}"
EndProject
Global
	GlobalSection(SolutionConfigurationPlatforms) = preSolution
		Debug|Any CPU = Debug|Any CPU
		Release|Any CPU = Release|Any CPU
	EndGlobalSection
	GlobalSection(ProjectConfigurationPlatforms) = postSolution
		{1D1E983F-2A17-4C8C-90A3-1460CC049855}.Debug|Any CPU.ActiveCfg = Debug|Any CPU
		{1D1E983F-2A17-4C8C-90A3-1460CC049855}.Debug|Any CPU.Build.0 = Debug|Any CPU
		{1D1E983F-2A17-4C8C-90A3-1460CC049855}.Release|Any CPU.ActiveCfg = Release|Any CPU
		{1D1E983F-2A17-4C8C-90A3-1460CC049855}.Release|Any CPU.Build.0 = Release|Any CPU
	EndGlobalSection
	GlobalSection(SolutionProperties) = preSolution
		HideSolutionNode = FALSE
	EndGlobalSection
	GlobalSection(ExtensibilityGlobals) = postSolution
		SolutionGuid = {AF7DD750-2C07-482E-89FB-75B70CB16610}
	EndGlobalSection
EndGlobal
